
Microsoft Visual Studio Solution File, Format Version 12.00
# Visual Studio Version 17
VisualStudioVersion = 17.4.33103.184
MinimumVisualStudioVersion = 10.0.40219.1
Project("{FAE04EC0-301F-11D3-BF4B-00C04F79EFBC}") = "MTCG", "MTCG.csproj", "{CEC55D0B-22C4-490D-8CBB-0180051BA49A}"
EndProject
Project("{FAE04EC0-301F-11D3-BF4B-00C04F79EFBC}") = "Server", "..\Server\Server.csproj", "{3E8B46F9-7B9B-4260-B776-570E5936A29E}"
EndProject
Project("{FAE04EC0-301F-11D3-BF4B-00C04F79EFBC}") = "Client", "..\Client\Client.csproj", "{A894AE19-AFF9-4C09-A550-F0FDDC1B0DC0}"
EndProject
Global
	GlobalSection(SolutionConfigurationPlatforms) = preSolution
		Debug|Any CPU = Debug|Any CPU
		Debug|ARM64 = Debug|ARM64
		Debug|x86 = Debug|x86
		Release|Any CPU = Release|Any CPU
		Release|ARM64 = Release|ARM64
		Release|x86 = Release|x86
	EndGlobalSection
	GlobalSection(ProjectConfigurationPlatforms) = postSolution
		{CEC55D0B-22C4-490D-8CBB-0180051BA49A}.Debug|Any CPU.ActiveCfg = Debug|Any CPU
		{CEC55D0B-22C4-490D-8CBB-0180051BA49A}.Debug|Any CPU.Build.0 = Debug|Any CPU
		{CEC55D0B-22C4-490D-8CBB-0180051BA49A}.Debug|ARM64.ActiveCfg = Debug|Any CPU
		{CEC55D0B-22C4-490D-8CBB-0180051BA49A}.Debug|ARM64.Build.0 = Debug|Any CPU
		{CEC55D0B-22C4-490D-8CBB-0180051BA49A}.Debug|x86.ActiveCfg = Debug|Any CPU
		{CEC55D0B-22C4-490D-8CBB-0180051BA49A}.Debug|x86.Build.0 = Debug|Any CPU
		{CEC55D0B-22C4-490D-8CBB-0180051BA49A}.Release|Any CPU.ActiveCfg = Release|Any CPU
		{CEC55D0B-22C4-490D-8CBB-0180051BA49A}.Release|Any CPU.Build.0 = Release|Any CPU
		{CEC55D0B-22C4-490D-8CBB-0180051BA49A}.Release|ARM64.ActiveCfg = Release|ARM64
		{CEC55D0B-22C4-490D-8CBB-0180051BA49A}.Release|ARM64.Build.0 = Release|ARM64
		{CEC55D0B-22C4-490D-8CBB-0180051BA49A}.Release|x86.ActiveCfg = Release|Any CPU
		{CEC55D0B-22C4-490D-8CBB-0180051BA49A}.Release|x86.Build.0 = Release|Any CPU
		{3E8B46F9-7B9B-4260-B776-570E5936A29E}.Debug|Any CPU.ActiveCfg = Debug|Any CPU
		{3E8B46F9-7B9B-4260-B776-570E5936A29E}.Debug|Any CPU.Build.0 = Debug|Any CPU
		{3E8B46F9-7B9B-4260-B776-570E5936A29E}.Debug|ARM64.ActiveCfg = Debug|Any CPU
		{3E8B46F9-7B9B-4260-B776-570E5936A29E}.Debug|ARM64.Build.0 = Debug|Any CPU
		{3E8B46F9-7B9B-4260-B776-570E5936A29E}.Debug|x86.ActiveCfg = Debug|Any CPU
		{3E8B46F9-7B9B-4260-B776-570E5936A29E}.Debug|x86.Build.0 = Debug|Any CPU
		{3E8B46F9-7B9B-4260-B776-570E5936A29E}.Release|Any CPU.ActiveCfg = Release|Any CPU
		{3E8B46F9-7B9B-4260-B776-570E5936A29E}.Release|Any CPU.Build.0 = Release|Any CPU
		{3E8B46F9-7B9B-4260-B776-570E5936A29E}.Release|ARM64.ActiveCfg = Release|Any CPU
		{3E8B46F9-7B9B-4260-B776-570E5936A29E}.Release|ARM64.Build.0 = Release|Any CPU
		{3E8B46F9-7B9B-4260-B776-570E5936A29E}.Release|x86.ActiveCfg = Release|Any CPU
		{3E8B46F9-7B9B-4260-B776-570E5936A29E}.Release|x86.Build.0 = Release|Any CPU
		{A894AE19-AFF9-4C09-A550-F0FDDC1B0DC0}.Debug|Any CPU.ActiveCfg = Debug|Any CPU
		{A894AE19-AFF9-4C09-A550-F0FDDC1B0DC0}.Debug|Any CPU.Build.0 = Debug|Any CPU
		{A894AE19-AFF9-4C09-A550-F0FDDC1B0DC0}.Debug|ARM64.ActiveCfg = Debug|Any CPU
		{A894AE19-AFF9-4C09-A550-F0FDDC1B0DC0}.Debug|ARM64.Build.0 = Debug|Any CPU
		{A894AE19-AFF9-4C09-A550-F0FDDC1B0DC0}.Debug|x86.ActiveCfg = Debug|Any CPU
		{A894AE19-AFF9-4C09-A550-F0FDDC1B0DC0}.Debug|x86.Build.0 = Debug|Any CPU
		{A894AE19-AFF9-4C09-A550-F0FDDC1B0DC0}.Release|Any CPU.ActiveCfg = Release|Any CPU
		{A894AE19-AFF9-4C09-A550-F0FDDC1B0DC0}.Release|Any CPU.Build.0 = Release|Any CPU
		{A894AE19-AFF9-4C09-A550-F0FDDC1B0DC0}.Release|ARM64.ActiveCfg = Release|Any CPU
		{A894AE19-AFF9-4C09-A550-F0FDDC1B0DC0}.Release|ARM64.Build.0 = Release|Any CPU
		{A894AE19-AFF9-4C09-A550-F0FDDC1B0DC0}.Release|x86.ActiveCfg = Release|Any CPU
		{A894AE19-AFF9-4C09-A550-F0FDDC1B0DC0}.Release|x86.Build.0 = Release|Any CPU
	EndGlobalSection
	GlobalSection(SolutionProperties) = preSolution
		HideSolutionNode = FALSE
	EndGlobalSection
	GlobalSection(ExtensibilityGlobals) = postSolution
		SolutionGuid = {C2822A07-46C3-4CB2-8B7B-569A5A56C9FE}
	EndGlobalSection
EndGlobal
